// !$*UTF8*$!
{
	archiveVersion = 1;
	classes = {
	};
	objectVersion = 48;
	objects = {

/* Begin PBXBuildFile section */
		D452EE00207BCDC50038F06E /* AppDelegate.swift in Sources */ = {isa = PBXBuildFile; fileRef = D452EDFF207BCDC50038F06E /* AppDelegate.swift */; };
		D452EE02207BCDC50038F06E /* MasterViewController.swift in Sources */ = {isa = PBXBuildFile; fileRef = D452EE01207BCDC50038F06E /* MasterViewController.swift */; };
		D452EE04207BCDC50038F06E /* DetailViewController.swift in Sources */ = {isa = PBXBuildFile; fileRef = D452EE03207BCDC50038F06E /* DetailViewController.swift */; };
		D452EE07207BCDC50038F06E /* Main.storyboard in Resources */ = {isa = PBXBuildFile; fileRef = D452EE05207BCDC50038F06E /* Main.storyboard */; };
		D452EE09207BCDC50038F06E /* Assets.xcassets in Resources */ = {isa = PBXBuildFile; fileRef = D452EE08207BCDC50038F06E /* Assets.xcassets */; };
		D452EE0C207BCDC50038F06E /* LaunchScreen.storyboard in Resources */ = {isa = PBXBuildFile; fileRef = D452EE0A207BCDC50038F06E /* LaunchScreen.storyboard */; };
		D47B538F2082477100880663 /* Person.swift in Sources */ = {isa = PBXBuildFile; fileRef = D47B538E2082477100880663 /* Person.swift */; };
/* End PBXBuildFile section */

/* Begin PBXFileReference section */
		D452EDFC207BCDC50038F06E /* KeyedArchiverDemo.app */ = {isa = PBXFileReference; explicitFileType = wrapper.application; includeInIndex = 0; path = KeyedArchiverDemo.app; sourceTree = BUILT_PRODUCTS_DIR; };
		D452EDFF207BCDC50038F06E /* AppDelegate.swift */ = {isa = PBXFileReference; lastKnownFileType = sourcecode.swift; path = AppDelegate.swift; sourceTree = "<group>"; };
		D452EE01207BCDC50038F06E /* MasterViewController.swift */ = {isa = PBXFileReference; lastKnownFileType = sourcecode.swift; path = MasterViewController.swift; sourceTree = "<group>"; };
		D452EE03207BCDC50038F06E /* DetailViewController.swift */ = {isa = PBXFileReference; lastKnownFileType = sourcecode.swift; path = DetailViewController.swift; sourceTree = "<group>"; };
		D452EE06207BCDC50038F06E /* Base */ = {isa = PBXFileReference; lastKnownFileType = file.storyboard; name = Base; path = Base.lproj/Main.storyboard; sourceTree = "<group>"; };
		D452EE08207BCDC50038F06E /* Assets.xcassets */ = {isa = PBXFileReference; lastKnownFileType = folder.assetcatalog; path = Assets.xcassets; sourceTree = "<group>"; };
		D452EE0B207BCDC50038F06E /* Base */ = {isa = PBXFileReference; lastKnownFileType = file.storyboard; name = Base; path = Base.lproj/LaunchScreen.storyboard; sourceTree = "<group>"; };
		D452EE0D207BCDC50038F06E /* Info.plist */ = {isa = PBXFileReference; lastKnownFileType = text.plist.xml; path = Info.plist; sourceTree = "<group>"; };
		D47B538E2082477100880663 /* Person.swift */ = {isa = PBXFileReference; lastKnownFileType = sourcecode.swift; path = Person.swift; sourceTree = "<group>"; };
/* End PBXFileReference section */

/* Begin PBXFrameworksBuildPhase section */
		D452EDF9207BCDC40038F06E /* Frameworks */ = {
			isa = PBXFrameworksBuildPhase;
			buildActionMask = 2147483647;
			files = (
			);
			runOnlyForDeploymentPostprocessing = 0;
		};
/* End PBXFrameworksBuildPhase section */

/* Begin PBXGroup section */
		D452EDF3207BCDC40038F06E = {
			isa = PBXGroup;
			children = (
				D452EDFE207BCDC50038F06E /* KeyedArchiverDemo */,
				D452EDFD207BCDC50038F06E /* Products */,
			);
			sourceTree = "<group>";
		};
		D452EDFD207BCDC50038F06E /* Products */ = {
			isa = PBXGroup;
			children = (
				D452EDFC207BCDC50038F06E /* KeyedArchiverDemo.app */,
			);
			name = Products;
			sourceTree = "<group>";
		};
		D452EDFE207BCDC50038F06E /* KeyedArchiverDemo */ = {
			isa = PBXGroup;
			children = (
				D452EDFF207BCDC50038F06E /* AppDelegate.swift */,
				D452EE01207BCDC50038F06E /* MasterViewController.swift */,
				D47B538E2082477100880663 /* Person.swift */,
				D452EE03207BCDC50038F06E /* DetailViewController.swift */,
				D452EE05207BCDC50038F06E /* Main.storyboard */,
				D452EE08207BCDC50038F06E /* Assets.xcassets */,
				D452EE0A207BCDC50038F06E /* LaunchScreen.storyboard */,
				D452EE0D207BCDC50038F06E /* Info.plist */,
			);
			path = KeyedArchiverDemo;
			sourceTree = "<group>";
		};
/* End PBXGroup section */

/* Begin PBXNativeTarget section */
		D452EDFB207BCDC40038F06E /* KeyedArchiverDemo */ = {
			isa = PBXNativeTarget;
			buildConfigurationList = D452EE10207BCDC50038F06E /* Build configuration list for PBXNativeTarget "KeyedArchiverDemo" */;
			buildPhases = (
				D452EDF8207BCDC40038F06E /* Sources */,
				D452EDF9207BCDC40038F06E /* Frameworks */,
				D452EDFA207BCDC40038F06E /* Resources */,
			);
			buildRules = (
			);
			dependencies = (
			);
			name = KeyedArchiverDemo;
			productName = KeyedArchiverDemo;
			productReference = D452EDFC207BCDC50038F06E /* KeyedArchiverDemo.app */;
			productType = "com.apple.product-type.application";
		};
/* End PBXNativeTarget section */

/* Begin PBXProject section */
		D452EDF4207BCDC40038F06E /* Project object */ = {
			isa = PBXProject;
			attributes = {
				LastSwiftUpdateCheck = 0920;
				LastUpgradeCheck = 0920;
				ORGANIZATIONNAME = "Mohamed Sobhi Fouda";
				TargetAttributes = {
					D452EDFB207BCDC40038F06E = {
						CreatedOnToolsVersion = 9.2;
						ProvisioningStyle = Automatic;
					};
				};
			};
			buildConfigurationList = D452EDF7207BCDC40038F06E /* Build configuration list for PBXProject "KeyedArchiverDemo" */;
			compatibilityVersion = "Xcode 8.0";
			developmentRegion = en;
			hasScannedForEncodings = 0;
			knownRegions = (
				en,
				Base,
			);
			mainGroup = D452EDF3207BCDC40038F06E;
			productRefGroup = D452EDFD207BCDC50038F06E /* Products */;
			projectDirPath = "";
			projectRoot = "";
			targets = (
				D452EDFB207BCDC40038F06E /* KeyedArchiverDemo */,
			);
		};
/* End PBXProject section */

/* Begin PBXResourcesBuildPhase section */
		D452EDFA207BCDC40038F06E /* Resources */ = {
			isa = PBXResourcesBuildPhase;
			buildActionMask = 2147483647;
			files = (
				D452EE0C207BCDC50038F06E /* LaunchScreen.storyboard in Resources */,
				D452EE09207BCDC50038F06E /* Assets.xcassets in Resources */,
				D452EE07207BCDC50038F06E /* Main.storyboard in Resources */,
			);
			runOnlyForDeploymentPostprocessing = 0;
		};
/* End PBXResourcesBuildPhase section */

/* Begin PBXSourcesBuildPhase section */
		D452EDF8207BCDC40038F06E /* Sources */ = {
			isa = PBXSourcesBuildPhase;
			buildActionMask = 2147483647;
			files = (
				D452EE04207BCDC50038F06E /* DetailViewController.swift in Sources */,
				D452EE02207BCDC50038F06E /* MasterViewController.swift in Sources */,
				D47B538F2082477100880663 /* Person.swift in Sources */,
				D452EE00207BCDC50038F06E /* AppDelegate.swift in Sources */,
			);
			runOnlyForDeploymentPostprocessing = 0;
		};
/* End PBXSourcesBuildPhase section */

/* Begin PBXVariantGroup section */
		D452EE05207BCDC50038F06E /* Main.storyboard */ = {
			isa = PBXVariantGroup;
			children = (
				D452EE06207BCDC50038F06E /* Base */,
			);
			name = Main.storyboard;
			sourceTree = "<group>";
		};
		D452EE0A207BCDC50038F06E /* LaunchScreen.storyboard */ = {
			isa = PBXVariantGroup;
			children = (
				D452EE0B207BCDC50038F06E /* Base */,
			);
			name = LaunchScreen.storyboard;
			sourceTree = "<group>";
		};
/* End PBXVariantGroup section */

/* Begin XCBuildConfiguration section */
		D452EE0E207BCDC50038F06E /* Debug */ = {
			isa = XCBuildConfiguration;
			buildSettings = {
				ALWAYS_SEARCH_USER_PATHS = NO;
				CLANG_ANALYZER_NONNULL = YES;
				CLANG_ANALYZER_NUMBER_OBJECT_CONVERSION = YES_AGGRESSIVE;
				CLANG_CXX_LANGUAGE_STANDARD = "gnu++14";
				CLANG_CXX_LIBRARY = "libc++";
				CLANG_ENABLE_MODULES = YES;
				CLANG_ENABLE_OBJC_ARC = YES;
				CLANG_WARN_BLOCK_CAPTURE_AUTORELEASING = YES;
				CLANG_WARN_BOOL_CONVERSION = YES;
				CLANG_WARN_COMMA = YES;
				CLANG_WARN_CONSTANT_CONVERSION = YES;
				CLANG_WARN_DIRECT_OBJC_ISA_USAGE = YES_ERROR;
				CLANG_WARN_DOCUMENTATION_COMMENTS = YES;
				CLANG_WARN_EMPTY_BODY = YES;
				CLANG_WARN_ENUM_CONVERSION = YES;
				CLANG_WARN_INFINITE_RECURSION = YES;
				CLANG_WARN_INT_CONVERSION = YES;
				CLANG_WARN_NON_LITERAL_NULL_CONVERSION = YES;
				CLANG_WARN_OBJC_LITERAL_CONVERSION = YES;
				CLANG_WARN_OBJC_ROOT_CLASS = YES_ERROR;
				CLANG_WARN_RANGE_LOOP_ANALYSIS = YES;
				CLANG_WARN_STRICT_PROTOTYPES = YES;
				CLANG_WARN_SUSPICIOUS_MOVE = YES;
				CLANG_WARN_UNGUARDED_AVAILABILITY = YES_AGGRESSIVE;
				CLANG_WARN_UNREACHABLE_CODE = YES;
				CLANG_WARN__DUPLICATE_METHOD_MATCH = YES;
				CODE_SIGN_IDENTITY = "iPhone Developer";
				COPY_PHASE_STRIP = NO;
				DEBUG_INFORMATION_FORMAT = dwarf;
				ENABLE_STRICT_OBJC_MSGSEND = YES;
				ENABLE_TESTABILITY = YES;
				GCC_C_LANGUAGE_STANDARD = gnu11;
				GCC_DYNAMIC_NO_PIC = NO;
				GCC_NO_COMMON_BLOCKS = YES;
				GCC_OPTIMIZATION_LEVEL = 0;
				GCC_PREPROCESSOR_DEFINITIONS = (
					"DEBUG=1",
					"$(inherited)",
				);
				GCC_WARN_64_TO_32_BIT_CONVERSION = YES;
				GCC_WARN_ABOUT_RETURN_TYPE = YES_ERROR;
				GCC_WARN_UNDECLARED_SELECTOR = YES;
				GCC_WARN_UNINITIALIZED_AUTOS = YES_AGGRESSIVE;
				GCC_WARN_UNUSED_FUNCTION = YES;
				GCC_WARN_UNUSED_VARIABLE = YES;
				IPHONEOS_DEPLOYMENT_TARGET = 11.2;
				MTL_ENABLE_DEBUG_INFO = YES;
				ONLY_ACTIVE_ARCH = YES;
				SDKROOT = iphoneos;
				SWIFT_ACTIVE_COMPILATION_CONDITIONS = DEBUG;
				SWIFT_OPTIMIZATION_LEVEL = "-Onone";
			};
			name = Debug;
		};
		D452EE0F207BCDC50038F06E /* Release */ = {
			isa = XCBuildConfiguration;
			buildSettings = {
				ALWAYS_SEARCH_USER_PATHS = NO;
				CLANG_ANALYZER_NONNULL = YES;
				CLANG_ANALYZER_NUMBER_OBJECT_CONVERSION = YES_AGGRESSIVE;
				CLANG_CXX_LANGUAGE_STANDARD = "gnu++14";
				CLANG_CXX_LIBRARY = "libc++";
				CLANG_ENABLE_MODULES = YES;
				CLANG_ENABLE_OBJC_ARC = YES;
				CLANG_WARN_BLOCK_CAPTURE_AUTORELEASING = YES;
				CLANG_WARN_BOOL_CONVERSION = YES;
				CLANG_WARN_COMMA = YES;
				CLANG_WARN_CONSTANT_CONVERSION = YES;
				CLANG_WARN_DIRECT_OBJC_ISA_USAGE = YES_ERROR;
				CLANG_WARN_DOCUMENTATION_COMMENTS = YES;
				CLANG_WARN_EMPTY_BODY = YES;
				CLANG_WARN_ENUM_CONVERSION = YES;
				CLANG_WARN_INFINITE_RECURSION = YES;
				CLANG_WARN_INT_CONVERSION = YES;
				CLANG_WARN_NON_LITERAL_NULL_CONVERSION = YES;
				CLANG_WARN_OBJC_LITERAL_CONVERSION = YES;
				CLANG_WARN_OBJC_ROOT_CLASS = YES_ERROR;
				CLANG_WARN_RANGE_LOOP_ANALYSIS = YES;
				CLANG_WARN_STRICT_PROTOTYPES = YES;
				CLANG_WARN_SUSPICIOUS_MOVE = YES;
				CLANG_WARN_UNGUARDED_AVAILABILITY = YES_AGGRESSIVE;
				CLANG_WARN_UNREACHABLE_CODE = YES;
				CLANG_WARN__DUPLICATE_METHOD_MATCH = YES;
				CODE_SIGN_IDENTITY = "iPhone Developer";
				COPY_PHASE_STRIP = NO;
				DEBUG_INFORMATION_FORMAT = "dwarf-with-dsym";
				ENABLE_NS_ASSERTIONS = NO;
				ENABLE_STRICT_OBJC_MSGSEND = YES;
				GCC_C_LANGUAGE_STANDARD = gnu11;
				GCC_NO_COMMON_BLOCKS = YES;
				GCC_WARN_64_TO_32_BIT_CONVERSION = YES;
				GCC_WARN_ABOUT_RETURN_TYPE = YES_ERROR;
				GCC_WARN_UNDECLARED_SELECTOR = YES;
				GCC_WARN_UNINITIALIZED_AUTOS = YES_AGGRESSIVE;
				GCC_WARN_UNUSED_FUNCTION = YES;
				GCC_WARN_UNUSED_VARIABLE = YES;
				IPHONEOS_DEPLOYMENT_TARGET = 11.2;
				MTL_ENABLE_DEBUG_INFO = NO;
				SDKROOT = iphoneos;
				SWIFT_OPTIMIZATION_LEVEL = "-Owholemodule";
				VALIDATE_PRODUCT = YES;
			};
			name = Release;
		};
		D452EE11207BCDC50038F06E /* Debug */ = {
			isa = XCBuildConfiguration;
			buildSettings = {
				ASSETCATALOG_COMPILER_APPICON_NAME = AppIcon;
				CODE_SIGN_STYLE = Automatic;
				DEVELOPMENT_TEAM = NB6843XNJU;
				INFOPLIST_FILE = KeyedArchiverDemo/Info.plist;
				LD_RUNPATH_SEARCH_PATHS = "$(inherited) @executable_path/Frameworks";
				PRODUCT_BUNDLE_IDENTIFIER = mrsobhi.KeyedArchiverDemo;
				PRODUCT_NAME = "$(TARGET_NAME)";
				SWIFT_VERSION = 4.0;
				TARGETED_DEVICE_FAMILY = "1,2";
			};
			name = Debug;
		};
		D452EE12207BCDC50038F06E /* Release */ = {
			isa = XCBuildConfiguration;
			buildSettings = {
				ASSETCATALOG_COMPILER_APPICON_NAME = AppIcon;
				CODE_SIGN_STYLE = Automatic;
				DEVELOPMENT_TEAM = NB6843XNJU;
				INFOPLIST_FILE = KeyedArchiverDemo/Info.plist;
				LD_RUNPATH_SEARCH_PATHS = "$(inherited) @executable_path/Frameworks";
				PRODUCT_BUNDLE_IDENTIFIER = mrsobhi.KeyedArchiverDemo;
				PRODUCT_NAME = "$(TARGET_NAME)";
				SWIFT_VERSION = 4.0;
				TARGETED_DEVICE_FAMILY = "1,2";
			};
			name = Release;
		};
/* End XCBuildConfiguration section */

/* Begin XCConfigurationList section */
		D452EDF7207BCDC40038F06E /* Build configuration list for PBXProject "KeyedArchiverDemo" */ = {
			isa = XCConfigurationList;
			buildConfigurations = (
				D452EE0E207BCDC50038F06E /* Debug */,
				D452EE0F207BCDC50038F06E /* Release */,
			);
			defaultConfigurationIsVisible = 0;
			defaultConfigurationName = Release;
		};
		D452EE10207BCDC50038F06E /* Build configuration list for PBXNativeTarget "KeyedArchiverDemo" */ = {
			isa = XCConfigurationList;
			buildConfigurations = (
				D452EE11207BCDC50038F06E /* Debug */,
				D452EE12207BCDC50038F06E /* Release */,
			);
			defaultConfigurationIsVisible = 0;
			defaultConfigurationName = Release;
		};
/* End XCConfigurationList section */
	};
	rootObject = D452EDF4207BCDC40038F06E /* Project object */;
}
